
Microsoft Visual Studio Solution File, Format Version 12.00
# Visual Studio Version 17
VisualStudioVersion = 17.11.35327.3
MinimumVisualStudioVersion = 10.0.40219.1
Project("{FAE04EC0-301F-11D3-BF4B-00C04F79EFBC}") = "tool-uses", "tool-uses.csproj", "{FEA6E23F-BEB0-49C0-B764-635ADCCC6386}"
EndProject
Global
	GlobalSection(SolutionConfigurationPlatforms) = preSolution
		Debug|Any CPU = Debug|Any CPU
		Release|Any CPU = Release|Any CPU
	EndGlobalSection
	GlobalSection(ProjectConfigurationPlatforms) = postSolution
		{FEA6E23F-BEB0-49C0-B764-635ADCCC6386}.Debug|Any CPU.ActiveCfg = Debug|Any CPU
		{FEA6E23F-BEB0-49C0-B764-635ADCCC6386}.Debug|Any CPU.Build.0 = Debug|Any CPU
		{FEA6E23F-BEB0-49C0-B764-635ADCCC6386}.Release|Any CPU.ActiveCfg = Release|Any CPU
		{FEA6E23F-BEB0-49C0-B764-635ADCCC6386}.Release|Any CPU.Build.0 = Release|Any CPU
	EndGlobalSection
	GlobalSection(SolutionProperties) = preSolution
		HideSolutionNode = FALSE
	EndGlobalSection
	GlobalSection(ExtensibilityGlobals) = postSolution
		SolutionGuid = {3C6A4415-4561-40D0-9AC2-060876BA682E}
	EndGlobalSection
EndGlobal
