
Microsoft Visual Studio Solution File, Format Version 12.00
# Visual Studio Version 17
VisualStudioVersion = 17.11.35327.3
MinimumVisualStudioVersion = 10.0.40219.1
Project("{FAE04EC0-301F-11D3-BF4B-00C04F79EFBC}") = "Araba Yaris Oyunu WPF", "Araba Yaris Oyunu WPF.csproj", "{A536F5F2-05CB-407A-9366-EB3D9C74EB19}"
EndProject
Global
	GlobalSection(SolutionConfigurationPlatforms) = preSolution
		Debug|Any CPU = Debug|Any CPU
		Release|Any CPU = Release|Any CPU
	EndGlobalSection
	GlobalSection(ProjectConfigurationPlatforms) = postSolution
		{A536F5F2-05CB-407A-9366-EB3D9C74EB19}.Debug|Any CPU.ActiveCfg = Debug|Any CPU
		{A536F5F2-05CB-407A-9366-EB3D9C74EB19}.Debug|Any CPU.Build.0 = Debug|Any CPU
		{A536F5F2-05CB-407A-9366-EB3D9C74EB19}.Release|Any CPU.ActiveCfg = Release|Any CPU
		{A536F5F2-05CB-407A-9366-EB3D9C74EB19}.Release|Any CPU.Build.0 = Release|Any CPU
	EndGlobalSection
	GlobalSection(SolutionProperties) = preSolution
		HideSolutionNode = FALSE
	EndGlobalSection
	GlobalSection(ExtensibilityGlobals) = postSolution
		SolutionGuid = {D4CCBF66-58C8-4AD7-86E4-69C58E3CF722}
	EndGlobalSection
EndGlobal
