
Microsoft Visual Studio Solution File, Format Version 12.00
# Visual Studio Version 17
VisualStudioVersion = 17.8.34525.116
MinimumVisualStudioVersion = 10.0.40219.1
Project("{FAE04EC0-301F-11D3-BF4B-00C04F79EFBC}") = "toolUses", "toolUses.csproj", "{638B6735-7F32-4653-9F32-F012D4F83BC9}"
EndProject
Global
	GlobalSection(SolutionConfigurationPlatforms) = preSolution
		Debug|Any CPU = Debug|Any CPU
		Release|Any CPU = Release|Any CPU
	EndGlobalSection
	GlobalSection(ProjectConfigurationPlatforms) = postSolution
		{638B6735-7F32-4653-9F32-F012D4F83BC9}.Debug|Any CPU.ActiveCfg = Debug|Any CPU
		{638B6735-7F32-4653-9F32-F012D4F83BC9}.Debug|Any CPU.Build.0 = Debug|Any CPU
		{638B6735-7F32-4653-9F32-F012D4F83BC9}.Release|Any CPU.ActiveCfg = Release|Any CPU
		{638B6735-7F32-4653-9F32-F012D4F83BC9}.Release|Any CPU.Build.0 = Release|Any CPU
	EndGlobalSection
	GlobalSection(SolutionProperties) = preSolution
		HideSolutionNode = FALSE
	EndGlobalSection
	GlobalSection(ExtensibilityGlobals) = postSolution
		SolutionGuid = {169A4ED4-513E-44D4-ADF6-604E114C9B7B}
	EndGlobalSection
EndGlobal
